
Microsoft Visual Studio Solution File, Format Version 12.00
# Visual Studio 15
Project("{FAE04EC0-301F-11D3-BF4B-00C04F79EFBC}") = "RSG_ProgrammingTest_Breakout", "RSG_ProgrammingTest_Breakout.csproj", "{0263A1B6-21C2-55EE-D4E5-12D25C9E87B4}"
EndProject
Global
	GlobalSection(SolutionConfigurationPlatforms) = preSolution
		Debug|Any CPU = Debug|Any CPU
		Release|Any CPU = Release|Any CPU
	EndGlobalSection
	GlobalSection(ProjectConfigurationPlatforms) = postSolution
		{0263A1B6-21C2-55EE-D4E5-12D25C9E87B4}.Debug|Any CPU.ActiveCfg = Debug|Any CPU
		{0263A1B6-21C2-55EE-D4E5-12D25C9E87B4}.Debug|Any CPU.Build.0 = Debug|Any CPU
		{0263A1B6-21C2-55EE-D4E5-12D25C9E87B4}.Release|Any CPU.ActiveCfg = Release|Any CPU
		{0263A1B6-21C2-55EE-D4E5-12D25C9E87B4}.Release|Any CPU.Build.0 = Release|Any CPU
	EndGlobalSection
	GlobalSection(SolutionProperties) = preSolution
		HideSolutionNode = FALSE
	EndGlobalSection
EndGlobal
